
Microsoft Visual Studio Solution File, Format Version 12.00
# Visual Studio 2013
VisualStudioVersion = 12.0.31101.0
MinimumVisualStudioVersion = 10.0.40219.1
Project("{8BC9CEB8-8B4A-11D0-8D11-00A0C91BC942}") = "DrXs", "DrXs\DrXs.vcxproj", "{AAF58DEA-DD85-4D78-9651-0F11C8456B22}"
EndProject
Project("{8BC9CEB8-8B4A-11D0-8D11-00A0C91BC942}") = "DrXs Package", "DrXs Package\DrXs Package.vcxproj", "{B8FA5DF0-7ACC-426A-95ED-EF768538716A}"
	ProjectSection(ProjectDependencies) = postProject
		{AAF58DEA-DD85-4D78-9651-0F11C8456B22} = {AAF58DEA-DD85-4D78-9651-0F11C8456B22}
	EndProjectSection
EndProject
Global
	GlobalSection(SolutionConfigurationPlatforms) = preSolution
		Debug|Any CPU = Debug|Any CPU
		Debug|Mixed Platforms = Debug|Mixed Platforms
		Debug|Win32 = Debug|Win32
		Debug|x64 = Debug|x64
		Release|Any CPU = Release|Any CPU
		Release|Mixed Platforms = Release|Mixed Platforms
		Release|Win32 = Release|Win32
		Release|x64 = Release|x64
		Win7 Debug|Any CPU = Win7 Debug|Any CPU
		Win7 Debug|Mixed Platforms = Win7 Debug|Mixed Platforms
		Win7 Debug|Win32 = Win7 Debug|Win32
		Win7 Debug|x64 = Win7 Debug|x64
		Win7 Release|Any CPU = Win7 Release|Any CPU
		Win7 Release|Mixed Platforms = Win7 Release|Mixed Platforms
		Win7 Release|Win32 = Win7 Release|Win32
		Win7 Release|x64 = Win7 Release|x64
		Win8 Debug|Any CPU = Win8 Debug|Any CPU
		Win8 Debug|Mixed Platforms = Win8 Debug|Mixed Platforms
		Win8 Debug|Win32 = Win8 Debug|Win32
		Win8 Debug|x64 = Win8 Debug|x64
		Win8 Release|Any CPU = Win8 Release|Any CPU
		Win8 Release|Mixed Platforms = Win8 Release|Mixed Platforms
		Win8 Release|Win32 = Win8 Release|Win32
		Win8 Release|x64 = Win8 Release|x64
		Win8.1 Debug|Any CPU = Win8.1 Debug|Any CPU
		Win8.1 Debug|Mixed Platforms = Win8.1 Debug|Mixed Platforms
		Win8.1 Debug|Win32 = Win8.1 Debug|Win32
		Win8.1 Debug|x64 = Win8.1 Debug|x64
		Win8.1 Release|Any CPU = Win8.1 Release|Any CPU
		Win8.1 Release|Mixed Platforms = Win8.1 Release|Mixed Platforms
		Win8.1 Release|Win32 = Win8.1 Release|Win32
		Win8.1 Release|x64 = Win8.1 Release|x64
	EndGlobalSection
	GlobalSection(ProjectConfigurationPlatforms) = postSolution
		{AAF58DEA-DD85-4D78-9651-0F11C8456B22}.Debug|Any CPU.ActiveCfg = Win8 Debug|Win32
		{AAF58DEA-DD85-4D78-9651-0F11C8456B22}.Debug|Mixed Platforms.ActiveCfg = Win8.1 Debug|Win32
		{AAF58DEA-DD85-4D78-9651-0F11C8456B22}.Debug|Mixed Platforms.Build.0 = Win8.1 Debug|Win32
		{AAF58DEA-DD85-4D78-9651-0F11C8456B22}.Debug|Win32.ActiveCfg = Win8.1 Debug|Win32
		{AAF58DEA-DD85-4D78-9651-0F11C8456B22}.Debug|Win32.Build.0 = Win8.1 Debug|Win32
		{AAF58DEA-DD85-4D78-9651-0F11C8456B22}.Debug|x64.ActiveCfg = Win8.1 Debug|x64
		{AAF58DEA-DD85-4D78-9651-0F11C8456B22}.Debug|x64.Build.0 = Win8.1 Debug|x64
		{AAF58DEA-DD85-4D78-9651-0F11C8456B22}.Debug|x64.Deploy.0 = Win8.1 Debug|x64
		{AAF58DEA-DD85-4D78-9651-0F11C8456B22}.Release|Any CPU.ActiveCfg = Win8 Release|Win32
		{AAF58DEA-DD85-4D78-9651-0F11C8456B22}.Release|Mixed Platforms.ActiveCfg = Win8.1 Release|Win32
		{AAF58DEA-DD85-4D78-9651-0F11C8456B22}.Release|Mixed Platforms.Build.0 = Win8.1 Release|Win32
		{AAF58DEA-DD85-4D78-9651-0F11C8456B22}.Release|Win32.ActiveCfg = Win8.1 Release|Win32
		{AAF58DEA-DD85-4D78-9651-0F11C8456B22}.Release|Win32.Build.0 = Win8.1 Release|Win32
		{AAF58DEA-DD85-4D78-9651-0F11C8456B22}.Release|x64.ActiveCfg = Win8.1 Release|x64
		{AAF58DEA-DD85-4D78-9651-0F11C8456B22}.Release|x64.Build.0 = Win8.1 Release|x64
		{AAF58DEA-DD85-4D78-9651-0F11C8456B22}.Release|x64.Deploy.0 = Win8.1 Release|x64
		{AAF58DEA-DD85-4D78-9651-0F11C8456B22}.Win7 Debug|Any CPU.ActiveCfg = Win7 Debug|Win32
		{AAF58DEA-DD85-4D78-9651-0F11C8456B22}.Win7 Debug|Mixed Platforms.ActiveCfg = Win7 Debug|Win32
		{AAF58DEA-DD85-4D78-9651-0F11C8456B22}.Win7 Debug|Mixed Platforms.Build.0 = Win7 Debug|Win32
		{AAF58DEA-DD85-4D78-9651-0F11C8456B22}.Win7 Debug|Win32.ActiveCfg = Win7 Debug|Win32
		{AAF58DEA-DD85-4D78-9651-0F11C8456B22}.Win7 Debug|Win32.Build.0 = Win7 Debug|Win32
		{AAF58DEA-DD85-4D78-9651-0F11C8456B22}.Win7 Debug|Win32.Deploy.0 = Win7 Debug|Win32
		{AAF58DEA-DD85-4D78-9651-0F11C8456B22}.Win7 Debug|x64.ActiveCfg = Win7 Debug|x64
		{AAF58DEA-DD85-4D78-9651-0F11C8456B22}.Win7 Debug|x64.Build.0 = Win7 Debug|x64
		{AAF58DEA-DD85-4D78-9651-0F11C8456B22}.Win7 Debug|x64.Deploy.0 = Win7 Debug|x64
		{AAF58DEA-DD85-4D78-9651-0F11C8456B22}.Win7 Release|Any CPU.ActiveCfg = Win7 Release|Win32
		{AAF58DEA-DD85-4D78-9651-0F11C8456B22}.Win7 Release|Mixed Platforms.ActiveCfg = Win7 Release|Win32
		{AAF58DEA-DD85-4D78-9651-0F11C8456B22}.Win7 Release|Mixed Platforms.Build.0 = Win7 Release|Win32
		{AAF58DEA-DD85-4D78-9651-0F11C8456B22}.Win7 Release|Win32.ActiveCfg = Win7 Release|Win32
		{AAF58DEA-DD85-4D78-9651-0F11C8456B22}.Win7 Release|Win32.Build.0 = Win7 Release|Win32
		{AAF58DEA-DD85-4D78-9651-0F11C8456B22}.Win7 Release|Win32.Deploy.0 = Win7 Release|Win32
		{AAF58DEA-DD85-4D78-9651-0F11C8456B22}.Win7 Release|x64.ActiveCfg = Win7 Release|x64
		{AAF58DEA-DD85-4D78-9651-0F11C8456B22}.Win7 Release|x64.Build.0 = Win7 Release|x64
		{AAF58DEA-DD85-4D78-9651-0F11C8456B22}.Win7 Release|x64.Deploy.0 = Win7 Release|x64
		{AAF58DEA-DD85-4D78-9651-0F11C8456B22}.Win8 Debug|Any CPU.ActiveCfg = Win8 Debug|Win32
		{AAF58DEA-DD85-4D78-9651-0F11C8456B22}.Win8 Debug|Mixed Platforms.ActiveCfg = Win8 Debug|Win32
		{AAF58DEA-DD85-4D78-9651-0F11C8456B22}.Win8 Debug|Mixed Platforms.Build.0 = Win8 Debug|Win32
		{AAF58DEA-DD85-4D78-9651-0F11C8456B22}.Win8 Debug|Win32.ActiveCfg = Win8 Debug|Win32
		{AAF58DEA-DD85-4D78-9651-0F11C8456B22}.Win8 Debug|Win32.Build.0 = Win8 Debug|Win32
		{AAF58DEA-DD85-4D78-9651-0F11C8456B22}.Win8 Debug|Win32.Deploy.0 = Win8 Debug|Win32
		{AAF58DEA-DD85-4D78-9651-0F11C8456B22}.Win8 Debug|x64.ActiveCfg = Win8 Debug|x64
		{AAF58DEA-DD85-4D78-9651-0F11C8456B22}.Win8 Debug|x64.Build.0 = Win8 Debug|x64
		{AAF58DEA-DD85-4D78-9651-0F11C8456B22}.Win8 Debug|x64.Deploy.0 = Win8 Debug|x64
		{AAF58DEA-DD85-4D78-9651-0F11C8456B22}.Win8 Release|Any CPU.ActiveCfg = Win8 Release|Win32
		{AAF58DEA-DD85-4D78-9651-0F11C8456B22}.Win8 Release|Mixed Platforms.ActiveCfg = Win8 Release|Win32
		{AAF58DEA-DD85-4D78-9651-0F11C8456B22}.Win8 Release|Mixed Platforms.Build.0 = Win8 Release|Win32
		{AAF58DEA-DD85-4D78-9651-0F11C8456B22}.Win8 Release|Win32.ActiveCfg = Win8 Release|Win32
		{AAF58DEA-DD85-4D78-9651-0F11C8456B22}.Win8 Release|Win32.Build.0 = Win8 Release|Win32
		{AAF58DEA-DD85-4D78-9651-0F11C8456B22}.Win8 Release|Win32.Deploy.0 = Win8 Release|Win32
		{AAF58DEA-DD85-4D78-9651-0F11C8456B22}.Win8 Release|x64.ActiveCfg = Win8 Release|x64
		{AAF58DEA-DD85-4D78-9651-0F11C8456B22}.Win8 Release|x64.Build.0 = Win8 Release|x64
		{AAF58DEA-DD85-4D78-9651-0F11C8456B22}.Win8 Release|x64.Deploy.0 = Win8 Release|x64
		{AAF58DEA-DD85-4D78-9651-0F11C8456B22}.Win8.1 Debug|Any CPU.ActiveCfg = Win8.1 Debug|Win32
		{AAF58DEA-DD85-4D78-9651-0F11C8456B22}.Win8.1 Debug|Mixed Platforms.ActiveCfg = Win8.1 Debug|Win32
		{AAF58DEA-DD85-4D78-9651-0F11C8456B22}.Win8.1 Debug|Mixed Platforms.Build.0 = Win8.1 Debug|Win32
		{AAF58DEA-DD85-4D78-9651-0F11C8456B22}.Win8.1 Debug|Win32.ActiveCfg = Win8.1 Debug|Win32
		{AAF58DEA-DD85-4D78-9651-0F11C8456B22}.Win8.1 Debug|Win32.Build.0 = Win8.1 Debug|Win32
		{AAF58DEA-DD85-4D78-9651-0F11C8456B22}.Win8.1 Debug|Win32.Deploy.0 = Win8.1 Debug|Win32
		{AAF58DEA-DD85-4D78-9651-0F11C8456B22}.Win8.1 Debug|x64.ActiveCfg = Win8.1 Debug|x64
		{AAF58DEA-DD85-4D78-9651-0F11C8456B22}.Win8.1 Debug|x64.Build.0 = Win8.1 Debug|x64
		{AAF58DEA-DD85-4D78-9651-0F11C8456B22}.Win8.1 Debug|x64.Deploy.0 = Win8.1 Debug|x64
		{AAF58DEA-DD85-4D78-9651-0F11C8456B22}.Win8.1 Release|Any CPU.ActiveCfg = Win8.1 Release|Win32
		{AAF58DEA-DD85-4D78-9651-0F11C8456B22}.Win8.1 Release|Mixed Platforms.ActiveCfg = Win8.1 Release|Win32
		{AAF58DEA-DD85-4D78-9651-0F11C8456B22}.Win8.1 Release|Mixed Platforms.Build.0 = Win8.1 Release|Win32
		{AAF58DEA-DD85-4D78-9651-0F11C8456B22}.Win8.1 Release|Win32.ActiveCfg = Win8.1 Release|Win32
		{AAF58DEA-DD85-4D78-9651-0F11C8456B22}.Win8.1 Release|Win32.Build.0 = Win8.1 Release|Win32
		{AAF58DEA-DD85-4D78-9651-0F11C8456B22}.Win8.1 Release|Win32.Deploy.0 = Win8.1 Release|Win32
		{AAF58DEA-DD85-4D78-9651-0F11C8456B22}.Win8.1 Release|x64.ActiveCfg = Win8.1 Release|x64
		{AAF58DEA-DD85-4D78-9651-0F11C8456B22}.Win8.1 Release|x64.Build.0 = Win8.1 Release|x64
		{AAF58DEA-DD85-4D78-9651-0F11C8456B22}.Win8.1 Release|x64.Deploy.0 = Win8.1 Release|x64
		{B8FA5DF0-7ACC-426A-95ED-EF768538716A}.Debug|Any CPU.ActiveCfg = Win8 Debug|Win32
		{B8FA5DF0-7ACC-426A-95ED-EF768538716A}.Debug|Mixed Platforms.ActiveCfg = Win8.1 Debug|Win32
		{B8FA5DF0-7ACC-426A-95ED-EF768538716A}.Debug|Mixed Platforms.Build.0 = Win8.1 Debug|Win32
		{B8FA5DF0-7ACC-426A-95ED-EF768538716A}.Debug|Win32.ActiveCfg = Win8.1 Debug|Win32
		{B8FA5DF0-7ACC-426A-95ED-EF768538716A}.Debug|Win32.Build.0 = Win8.1 Debug|Win32
		{B8FA5DF0-7ACC-426A-95ED-EF768538716A}.Debug|x64.ActiveCfg = Win8.1 Debug|x64
		{B8FA5DF0-7ACC-426A-95ED-EF768538716A}.Debug|x64.Build.0 = Win8.1 Debug|x64
		{B8FA5DF0-7ACC-426A-95ED-EF768538716A}.Debug|x64.Deploy.0 = Win8.1 Debug|x64
		{B8FA5DF0-7ACC-426A-95ED-EF768538716A}.Release|Any CPU.ActiveCfg = Win8 Release|Win32
		{B8FA5DF0-7ACC-426A-95ED-EF768538716A}.Release|Mixed Platforms.ActiveCfg = Win8.1 Release|Win32
		{B8FA5DF0-7ACC-426A-95ED-EF768538716A}.Release|Mixed Platforms.Build.0 = Win8.1 Release|Win32
		{B8FA5DF0-7ACC-426A-95ED-EF768538716A}.Release|Win32.ActiveCfg = Win8.1 Release|Win32
		{B8FA5DF0-7ACC-426A-95ED-EF768538716A}.Release|Win32.Build.0 = Win8.1 Release|Win32
		{B8FA5DF0-7ACC-426A-95ED-EF768538716A}.Release|x64.ActiveCfg = Win8.1 Release|x64
		{B8FA5DF0-7ACC-426A-95ED-EF768538716A}.Release|x64.Build.0 = Win8.1 Release|x64
		{B8FA5DF0-7ACC-426A-95ED-EF768538716A}.Release|x64.Deploy.0 = Win8.1 Release|x64
		{B8FA5DF0-7ACC-426A-95ED-EF768538716A}.Win7 Debug|Any CPU.ActiveCfg = Win7 Debug|Win32
		{B8FA5DF0-7ACC-426A-95ED-EF768538716A}.Win7 Debug|Mixed Platforms.ActiveCfg = Win7 Debug|Win32
		{B8FA5DF0-7ACC-426A-95ED-EF768538716A}.Win7 Debug|Mixed Platforms.Build.0 = Win7 Debug|Win32
		{B8FA5DF0-7ACC-426A-95ED-EF768538716A}.Win7 Debug|Win32.ActiveCfg = Win7 Debug|Win32
		{B8FA5DF0-7ACC-426A-95ED-EF768538716A}.Win7 Debug|Win32.Build.0 = Win7 Debug|Win32
		{B8FA5DF0-7ACC-426A-95ED-EF768538716A}.Win7 Debug|Win32.Deploy.0 = Win7 Debug|Win32
		{B8FA5DF0-7ACC-426A-95ED-EF768538716A}.Win7 Debug|x64.ActiveCfg = Win7 Debug|x64
		{B8FA5DF0-7ACC-426A-95ED-EF768538716A}.Win7 Debug|x64.Build.0 = Win7 Debug|x64
		{B8FA5DF0-7ACC-426A-95ED-EF768538716A}.Win7 Debug|x64.Deploy.0 = Win7 Debug|x64
		{B8FA5DF0-7ACC-426A-95ED-EF768538716A}.Win7 Release|Any CPU.ActiveCfg = Win7 Release|Win32
		{B8FA5DF0-7ACC-426A-95ED-EF768538716A}.Win7 Release|Mixed Platforms.ActiveCfg = Win7 Release|Win32
		{B8FA5DF0-7ACC-426A-95ED-EF768538716A}.Win7 Release|Mixed Platforms.Build.0 = Win7 Release|Win32
		{B8FA5DF0-7ACC-426A-95ED-EF768538716A}.Win7 Release|Win32.ActiveCfg = Win7 Release|Win32
		{B8FA5DF0-7ACC-426A-95ED-EF768538716A}.Win7 Release|Win32.Build.0 = Win7 Release|Win32
		{B8FA5DF0-7ACC-426A-95ED-EF768538716A}.Win7 Release|Win32.Deploy.0 = Win7 Release|Win32
		{B8FA5DF0-7ACC-426A-95ED-EF768538716A}.Win7 Release|x64.ActiveCfg = Win7 Release|x64
		{B8FA5DF0-7ACC-426A-95ED-EF768538716A}.Win7 Release|x64.Build.0 = Win7 Release|x64
		{B8FA5DF0-7ACC-426A-95ED-EF768538716A}.Win7 Release|x64.Deploy.0 = Win7 Release|x64
		{B8FA5DF0-7ACC-426A-95ED-EF768538716A}.Win8 Debug|Any CPU.ActiveCfg = Win8 Debug|Win32
		{B8FA5DF0-7ACC-426A-95ED-EF768538716A}.Win8 Debug|Mixed Platforms.ActiveCfg = Win8 Debug|Win32
		{B8FA5DF0-7ACC-426A-95ED-EF768538716A}.Win8 Debug|Mixed Platforms.Build.0 = Win8 Debug|Win32
		{B8FA5DF0-7ACC-426A-95ED-EF768538716A}.Win8 Debug|Win32.ActiveCfg = Win8 Debug|Win32
		{B8FA5DF0-7ACC-426A-95ED-EF768538716A}.Win8 Debug|Win32.Build.0 = Win8 Debug|Win32
		{B8FA5DF0-7ACC-426A-95ED-EF768538716A}.Win8 Debug|Win32.Deploy.0 = Win8 Debug|Win32
		{B8FA5DF0-7ACC-426A-95ED-EF768538716A}.Win8 Debug|x64.ActiveCfg = Win8 Debug|x64
		{B8FA5DF0-7ACC-426A-95ED-EF768538716A}.Win8 Debug|x64.Build.0 = Win8 Debug|x64
		{B8FA5DF0-7ACC-426A-95ED-EF768538716A}.Win8 Debug|x64.Deploy.0 = Win8 Debug|x64
		{B8FA5DF0-7ACC-426A-95ED-EF768538716A}.Win8 Release|Any CPU.ActiveCfg = Win8 Release|Win32
		{B8FA5DF0-7ACC-426A-95ED-EF768538716A}.Win8 Release|Mixed Platforms.ActiveCfg = Win8 Release|Win32
		{B8FA5DF0-7ACC-426A-95ED-EF768538716A}.Win8 Release|Mixed Platforms.Build.0 = Win8 Release|Win32
		{B8FA5DF0-7ACC-426A-95ED-EF768538716A}.Win8 Release|Win32.ActiveCfg = Win8 Release|Win32
		{B8FA5DF0-7ACC-426A-95ED-EF768538716A}.Win8 Release|Win32.Build.0 = Win8 Release|Win32
		{B8FA5DF0-7ACC-426A-95ED-EF768538716A}.Win8 Release|Win32.Deploy.0 = Win8 Release|Win32
		{B8FA5DF0-7ACC-426A-95ED-EF768538716A}.Win8 Release|x64.ActiveCfg = Win8 Release|x64
		{B8FA5DF0-7ACC-426A-95ED-EF768538716A}.Win8 Release|x64.Build.0 = Win8 Release|x64
		{B8FA5DF0-7ACC-426A-95ED-EF768538716A}.Win8 Release|x64.Deploy.0 = Win8 Release|x64
		{B8FA5DF0-7ACC-426A-95ED-EF768538716A}.Win8.1 Debug|Any CPU.ActiveCfg = Win8.1 Debug|Win32
		{B8FA5DF0-7ACC-426A-95ED-EF768538716A}.Win8.1 Debug|Mixed Platforms.ActiveCfg = Win8.1 Debug|Win32
		{B8FA5DF0-7ACC-426A-95ED-EF768538716A}.Win8.1 Debug|Mixed Platforms.Build.0 = Win8.1 Debug|Win32
		{B8FA5DF0-7ACC-426A-95ED-EF768538716A}.Win8.1 Debug|Win32.ActiveCfg = Win8.1 Debug|Win32
		{B8FA5DF0-7ACC-426A-95ED-EF768538716A}.Win8.1 Debug|Win32.Build.0 = Win8.1 Debug|Win32
		{B8FA5DF0-7ACC-426A-95ED-EF768538716A}.Win8.1 Debug|Win32.Deploy.0 = Win8.1 Debug|Win32
		{B8FA5DF0-7ACC-426A-95ED-EF768538716A}.Win8.1 Debug|x64.ActiveCfg = Win8.1 Debug|x64
		{B8FA5DF0-7ACC-426A-95ED-EF768538716A}.Win8.1 Debug|x64.Build.0 = Win8.1 Debug|x64
		{B8FA5DF0-7ACC-426A-95ED-EF768538716A}.Win8.1 Debug|x64.Deploy.0 = Win8.1 Debug|x64
		{B8FA5DF0-7ACC-426A-95ED-EF768538716A}.Win8.1 Release|Any CPU.ActiveCfg = Win8.1 Release|Win32
		{B8FA5DF0-7ACC-426A-95ED-EF768538716A}.Win8.1 Release|Mixed Platforms.ActiveCfg = Win8.1 Release|Win32
		{B8FA5DF0-7ACC-426A-95ED-EF768538716A}.Win8.1 Release|Mixed Platforms.Build.0 = Win8.1 Release|Win32
		{B8FA5DF0-7ACC-426A-95ED-EF768538716A}.Win8.1 Release|Win32.ActiveCfg = Win8.1 Release|Win32
		{B8FA5DF0-7ACC-426A-95ED-EF768538716A}.Win8.1 Release|Win32.Build.0 = Win8.1 Release|Win32
		{B8FA5DF0-7ACC-426A-95ED-EF768538716A}.Win8.1 Release|Win32.Deploy.0 = Win8.1 Release|Win32
		{B8FA5DF0-7ACC-426A-95ED-EF768538716A}.Win8.1 Release|x64.ActiveCfg = Win8.1 Release|x64
		{B8FA5DF0-7ACC-426A-95ED-EF768538716A}.Win8.1 Release|x64.Build.0 = Win8.1 Release|x64
		{B8FA5DF0-7ACC-426A-95ED-EF768538716A}.Win8.1 Release|x64.Deploy.0 = Win8.1 Release|x64
	EndGlobalSection
	GlobalSection(SolutionProperties) = preSolution
		HideSolutionNode = FALSE
	EndGlobalSection
EndGlobal
